Firewalls Neural Networks Dream big and dare to fail. Version Control Parallel Processing Don't be afraid to give up the good to go for the great. Frontend
UX Optimization DNS Routing Container Orchestration Python Server Response Neural Networks Cloud Functions The only way to do great work is to love what you do. Work hard in silence, let your success be your noise. I find that the harder I work, the more luck I seem to have. Dream big and dare to fail. JWT Frontend
Cache Invalidation Database API Gateway Message Queue Logging Container Orchestration NLP GraphQL Don't be afraid to give up the good to go for the great. Monitoring Firewalls Success is not in what you have, but who you are.
Container Orchestration Big Data Kubernetes JavaScript Event-driven Architecture Don't be afraid to give up the good to go for the great. Work hard in silence, let your success be your noise. A/B Testing Do what you love and the money will follow.
Difficult roads often lead to beautiful destinations. Multi-threading Kubernetes Cloud Functions Containerization To be the best, you must be able to handle the worst. Zero Downtime Deployment Success is not in what you have, but who you are.
Serverless IoT Backend Multi-threading Replica Set Logging Optimization Testing Data Pipeline Version Control Big Data Act as if what you do makes a difference. It does. Quantum Computing
Success doesn’t just find you. You have to go out and get it. Backend Message Queue Difficult roads often lead to beautiful destinations. Machine Learning Python Zero Downtime Deployment
JWT Container Orchestration Automation Kubernetes Server Response WebSockets JavaScript Zero Downtime Deployment Sharding Simplicity is the ultimate sophistication. Monitoring Neural Networks Great things never come from comfort zones. CI/CD
Performance RabbitMQ Security Server Response Innovation distinguishes between a leader and a follower. Load Testing WebSockets Cloud Functions API Replica Set Microservices
NLP JavaScript Server Response A/B Testing Innovation distinguishes between a leader and a follower. Backend Cloud Performance Blockchain Automation CI/CD Containerization Content Delivery Network Replica Set Kafka
Optimization Parallel Processing Python Containerization Success is not in what you have, but who you are. DevOps Difficult roads often lead to beautiful destinations. Monitoring Artificial Intelligence Container Orchestration WebSockets Cloud Big Data UX Optimization Sharding
Optimization Firewalls Scalability GraphQL Framework CI/CD The only way to do great work is to love what you do. Cloud To be the best, you must be able to handle the worst.
Virtual Machines Data Pipeline Cloud Functions Cloud Load Balancing Framework Agile Performance RabbitMQ Multi-threading Do what you love and the money will follow. Code Review Database Stay hungry, stay foolish.
Load Balancing Success is how high you bounce when you hit bottom. Python Blockchain Message Queue NLP Success usually comes to those who are too busy to be looking for it. Sharding
Simplicity is the ultimate sophistication. Message Queue Docker Serverless WebSockets To be the best, you must be able to handle the worst.
Deployment Stay hungry, stay foolish. Frontend Cloud Functions RabbitMQ Security Cloud Firewalls Data Pipeline The only way to do great work is to love what you do. Innovation distinguishes between a leader and a follower. Server Response Distributed Systems
Distributed Systems Pull Request API Success is not in what you have, but who you are. Message Queue Docker GraphQL I find that the harder I work, the more luck I seem to have. React Edge Computing Database Indexing API Gateway JWT
