Firewalls Neural Networks Dream big and dare to fail. Version Control Parallel Processing Don't be afraid to give up the good to go for the great. Frontend
UX Optimization DNS Routing Container Orchestration Python Server Response Neural Networks Cloud Functions The only way to do great work is to love what you do. Work hard in silence, let your success be your noise. I find that the harder I work, the more luck I seem to have. Dream big and dare to fail. JWT Frontend
