Firewalls Neural Networks Dream big and dare to fail. Version Control Parallel Processing Don't be afraid to give up the good to go for the great. Frontend
UX Optimization DNS Routing Container Orchestration Python Server Response Neural Networks Cloud Functions The only way to do great work is to love what you do. Work hard in silence, let your success be your noise. I find that the harder I work, the more luck I seem to have. Dream big and dare to fail. JWT Frontend
Cache Invalidation Database API Gateway Message Queue Logging Container Orchestration NLP GraphQL Don't be afraid to give up the good to go for the great. Monitoring Firewalls Success is not in what you have, but who you are.
Container Orchestration Big Data Kubernetes JavaScript Event-driven Architecture Don't be afraid to give up the good to go for the great. Work hard in silence, let your success be your noise. A/B Testing Do what you love and the money will follow.
Difficult roads often lead to beautiful destinations. Multi-threading Kubernetes Cloud Functions Containerization To be the best, you must be able to handle the worst. Zero Downtime Deployment Success is not in what you have, but who you are.
Serverless IoT Backend Multi-threading Replica Set Logging Optimization Testing Data Pipeline Version Control Big Data Act as if what you do makes a difference. It does. Quantum Computing
Success doesn’t just find you. You have to go out and get it. Backend Message Queue Difficult roads often lead to beautiful destinations. Machine Learning Python Zero Downtime Deployment
